// !$*UTF8*$!
{
	archiveVersion = 1;
	classes = {
	};
	objectVersion = 51;
	objects = {

/* Begin PBXBuildFile section */
		1552422C7B21DE689773BB1F /* Pods_photo_to_video_converter.framework in Frameworks */ = {isa = PBXBuildFile; fileRef = CB4FE5C0D964F2118F31DC66 /* Pods_photo_to_video_converter.framework */; };
		7C0444DA22BD77C500D31A58 /* AppDelegate.swift in Sources */ = {isa = PBXBuildFile; fileRef = 7C0444D922BD77C500D31A58 /* AppDelegate.swift */; };
		7C0444DC22BD77C500D31A58 /* SelectImagesVC.swift in Sources */ = {isa = PBXBuildFile; fileRef = 7C0444DB22BD77C500D31A58 /* SelectImagesVC.swift */; };
		7C0444DF22BD77C500D31A58 /* Main.storyboard in Resources */ = {isa = PBXBuildFile; fileRef = 7C0444DD22BD77C500D31A58 /* Main.storyboard */; };
		7C0444E122BD77C600D31A58 /* Assets.xcassets in Resources */ = {isa = PBXBuildFile; fileRef = 7C0444E022BD77C600D31A58 /* Assets.xcassets */; };
		7C0444E422BD77C600D31A58 /* LaunchScreen.storyboard in Resources */ = {isa = PBXBuildFile; fileRef = 7C0444E222BD77C600D31A58 /* LaunchScreen.storyboard */; };
		7C0444F022BE375000D31A58 /* TabBarVC.swift in Sources */ = {isa = PBXBuildFile; fileRef = 7C0444EF22BE375000D31A58 /* TabBarVC.swift */; };
		7C0444F322BE37C200D31A58 /* SelectAnimationVC.swift in Sources */ = {isa = PBXBuildFile; fileRef = 7C0444F222BE37C200D31A58 /* SelectAnimationVC.swift */; };
		7C0444F622BE383F00D31A58 /* VideoConverterVC.swift in Sources */ = {isa = PBXBuildFile; fileRef = 7C0444F522BE383F00D31A58 /* VideoConverterVC.swift */; };
		7C0444F822BE3D9A00D31A58 /* SelectImagesVM.swift in Sources */ = {isa = PBXBuildFile; fileRef = 7C0444F722BE3D9A00D31A58 /* SelectImagesVM.swift */; };
		7C0444FB22BE44E200D31A58 /* AlertPresenter.swift in Sources */ = {isa = PBXBuildFile; fileRef = 7C0444FA22BE44E200D31A58 /* AlertPresenter.swift */; };
		7C0444FE22BE497200D31A58 /* SelectedImageCell.swift in Sources */ = {isa = PBXBuildFile; fileRef = 7C0444FD22BE497200D31A58 /* SelectedImageCell.swift */; };
		7C04450122BE4CAE00D31A58 /* PHAsset+Ext.swift in Sources */ = {isa = PBXBuildFile; fileRef = 7C04450022BE4CAE00D31A58 /* PHAsset+Ext.swift */; };
		7C04450322BE54FA00D31A58 /* UIScreen+Ext.swift in Sources */ = {isa = PBXBuildFile; fileRef = 7C04450222BE54FA00D31A58 /* UIScreen+Ext.swift */; };
		7C04450622BE567500D31A58 /* imageA.jpg in Resources */ = {isa = PBXBuildFile; fileRef = 7C04450422BE567500D31A58 /* imageA.jpg */; };
		7C04450722BE567500D31A58 /* imageB.jpg in Resources */ = {isa = PBXBuildFile; fileRef = 7C04450522BE567500D31A58 /* imageB.jpg */; };
		7C04450922BE5A8000D31A58 /* VideoConverterVM.swift in Sources */ = {isa = PBXBuildFile; fileRef = 7C04450822BE5A8000D31A58 /* VideoConverterVM.swift */; };
		7C04450B22BE5BD800D31A58 /* SelectAnimationVM.swift in Sources */ = {isa = PBXBuildFile; fileRef = 7C04450A22BE5BD800D31A58 /* SelectAnimationVM.swift */; };
		7C04450D22BE5CB600D31A58 /* UserDefaultsManager.swift in Sources */ = {isa = PBXBuildFile; fileRef = 7C04450C22BE5CB600D31A58 /* UserDefaultsManager.swift */; };
		7CCA44A622BF94AA00F9AAA5 /* LocalFileManager.swift in Sources */ = {isa = PBXBuildFile; fileRef = 7CCA44A522BF94AA00F9AAA5 /* LocalFileManager.swift */; };
		7CCA44A822C016C500F9AAA5 /* UIImage+Ext.swift in Sources */ = {isa = PBXBuildFile; fileRef = 7CCA44A722C016C500F9AAA5 /* UIImage+Ext.swift */; };
/* End PBXBuildFile section */

/* Begin PBXFileReference section */
		01BB1C53AF16CD776E519B52 /* Pods-photo-to-video-converter.debug.xcconfig */ = {isa = PBXFileReference; includeInIndex = 1; lastKnownFileType = text.xcconfig; name = "Pods-photo-to-video-converter.debug.xcconfig"; path = "Target Support Files/Pods-photo-to-video-converter/Pods-photo-to-video-converter.debug.xcconfig"; sourceTree = "<group>"; };
		6309E77A7C7F4186E9B69746 /* Pods-photo-to-video-converter.release.xcconfig */ = {isa = PBXFileReference; includeInIndex = 1; lastKnownFileType = text.xcconfig; name = "Pods-photo-to-video-converter.release.xcconfig"; path = "Target Support Files/Pods-photo-to-video-converter/Pods-photo-to-video-converter.release.xcconfig"; sourceTree = "<group>"; };
		7C0444D622BD77C500D31A58 /* photo-to-video-converter.app */ = {isa = PBXFileReference; explicitFileType = wrapper.application; includeInIndex = 0; path = "photo-to-video-converter.app"; sourceTree = BUILT_PRODUCTS_DIR; };
		7C0444D922BD77C500D31A58 /* AppDelegate.swift */ = {isa = PBXFileReference; lastKnownFileType = sourcecode.swift; path = AppDelegate.swift; sourceTree = "<group>"; };
		7C0444DB22BD77C500D31A58 /* SelectImagesVC.swift */ = {isa = PBXFileReference; lastKnownFileType = sourcecode.swift; path = SelectImagesVC.swift; sourceTree = "<group>"; };
		7C0444DE22BD77C500D31A58 /* Base */ = {isa = PBXFileReference; lastKnownFileType = file.storyboard; name = Base; path = Base.lproj/Main.storyboard; sourceTree = "<group>"; };
		7C0444E022BD77C600D31A58 /* Assets.xcassets */ = {isa = PBXFileReference; lastKnownFileType = folder.assetcatalog; path = Assets.xcassets; sourceTree = "<group>"; };
		7C0444E322BD77C600D31A58 /* Base */ = {isa = PBXFileReference; lastKnownFileType = file.storyboard; name = Base; path = Base.lproj/LaunchScreen.storyboard; sourceTree = "<group>"; };
		7C0444E522BD77C600D31A58 /* Info.plist */ = {isa = PBXFileReference; lastKnownFileType = text.plist.xml; path = Info.plist; sourceTree = "<group>"; };
		7C0444EF22BE375000D31A58 /* TabBarVC.swift */ = {isa = PBXFileReference; lastKnownFileType = sourcecode.swift; path = TabBarVC.swift; sourceTree = "<group>"; };
		7C0444F222BE37C200D31A58 /* SelectAnimationVC.swift */ = {isa = PBXFileReference; lastKnownFileType = sourcecode.swift; path = SelectAnimationVC.swift; sourceTree = "<group>"; };
		7C0444F522BE383F00D31A58 /* VideoConverterVC.swift */ = {isa = PBXFileReference; lastKnownFileType = sourcecode.swift; path = VideoConverterVC.swift; sourceTree = "<group>"; };
		7C0444F722BE3D9A00D31A58 /* SelectImagesVM.swift */ = {isa = PBXFileReference; lastKnownFileType = sourcecode.swift; path = SelectImagesVM.swift; sourceTree = "<group>"; };
		7C0444FA22BE44E200D31A58 /* AlertPresenter.swift */ = {isa = PBXFileReference; fileEncoding = 4; lastKnownFileType = sourcecode.swift; path = AlertPresenter.swift; sourceTree = "<group>"; };
		7C0444FD22BE497200D31A58 /* SelectedImageCell.swift */ = {isa = PBXFileReference; lastKnownFileType = sourcecode.swift; path = SelectedImageCell.swift; sourceTree = "<group>"; };
		7C04450022BE4CAE00D31A58 /* PHAsset+Ext.swift */ = {isa = PBXFileReference; lastKnownFileType = sourcecode.swift; path = "PHAsset+Ext.swift"; sourceTree = "<group>"; };
		7C04450222BE54FA00D31A58 /* UIScreen+Ext.swift */ = {isa = PBXFileReference; lastKnownFileType = sourcecode.swift; path = "UIScreen+Ext.swift"; sourceTree = "<group>"; };
		7C04450422BE567500D31A58 /* imageA.jpg */ = {isa = PBXFileReference; lastKnownFileType = image.jpeg; path = imageA.jpg; sourceTree = "<group>"; };
		7C04450522BE567500D31A58 /* imageB.jpg */ = {isa = PBXFileReference; lastKnownFileType = image.jpeg; path = imageB.jpg; sourceTree = "<group>"; };
		7C04450822BE5A8000D31A58 /* VideoConverterVM.swift */ = {isa = PBXFileReference; lastKnownFileType = sourcecode.swift; path = VideoConverterVM.swift; sourceTree = "<group>"; };
		7C04450A22BE5BD800D31A58 /* SelectAnimationVM.swift */ = {isa = PBXFileReference; lastKnownFileType = sourcecode.swift; path = SelectAnimationVM.swift; sourceTree = "<group>"; };
		7C04450C22BE5CB600D31A58 /* UserDefaultsManager.swift */ = {isa = PBXFileReference; lastKnownFileType = sourcecode.swift; path = UserDefaultsManager.swift; sourceTree = "<group>"; };
		7CCA44A522BF94AA00F9AAA5 /* LocalFileManager.swift */ = {isa = PBXFileReference; lastKnownFileType = sourcecode.swift; path = LocalFileManager.swift; sourceTree = "<group>"; };
		7CCA44A722C016C500F9AAA5 /* UIImage+Ext.swift */ = {isa = PBXFileReference; lastKnownFileType = sourcecode.swift; path = "UIImage+Ext.swift"; sourceTree = "<group>"; };
		CB4FE5C0D964F2118F31DC66 /* Pods_photo_to_video_converter.framework */ = {isa = PBXFileReference; explicitFileType = wrapper.framework; includeInIndex = 0; path = Pods_photo_to_video_converter.framework; sourceTree = BUILT_PRODUCTS_DIR; };
/* End PBXFileReference section */

/* Begin PBXFrameworksBuildPhase section */
		7C0444D322BD77C500D31A58 /* Frameworks */ = {
			isa = PBXFrameworksBuildPhase;
			buildActionMask = 2147483647;
			files = (
				1552422C7B21DE689773BB1F /* Pods_photo_to_video_converter.framework in Frameworks */,
			);
			runOnlyForDeploymentPostprocessing = 0;
		};
/* End PBXFrameworksBuildPhase section */

/* Begin PBXGroup section */
		7C0444CD22BD77C500D31A58 = {
			isa = PBXGroup;
			children = (
				7C0444D822BD77C500D31A58 /* photo-to-video-converter */,
				7C0444D722BD77C500D31A58 /* Products */,
				EB751FA55333EFB0B9C6DA0C /* Pods */,
				DE6EA1632F2A7C73B2AC8B77 /* Frameworks */,
			);
			sourceTree = "<group>";
		};
		7C0444D722BD77C500D31A58 /* Products */ = {
			isa = PBXGroup;
			children = (
				7C0444D622BD77C500D31A58 /* photo-to-video-converter.app */,
			);
			name = Products;
			sourceTree = "<group>";
		};
		7C0444D822BD77C500D31A58 /* photo-to-video-converter */ = {
			isa = PBXGroup;
			children = (
				7C0444FF22BE4C9E00D31A58 /* Extensions */,
				7C0444F922BE44CC00D31A58 /* Services */,
				7C0444ED22BE35C700D31A58 /* UserStory */,
				7C0444EC22BE359E00D31A58 /* Resources */,
				7C0444EB22BE358800D31A58 /* BundleFiles */,
			);
			path = "photo-to-video-converter";
			sourceTree = "<group>";
		};
		7C0444EB22BE358800D31A58 /* BundleFiles */ = {
			isa = PBXGroup;
			children = (
				7C0444D922BD77C500D31A58 /* AppDelegate.swift */,
				7C0444E222BD77C600D31A58 /* LaunchScreen.storyboard */,
				7C0444E522BD77C600D31A58 /* Info.plist */,
			);
			path = BundleFiles;
			sourceTree = "<group>";
		};
		7C0444EC22BE359E00D31A58 /* Resources */ = {
			isa = PBXGroup;
			children = (
				7C04450422BE567500D31A58 /* imageA.jpg */,
				7C04450522BE567500D31A58 /* imageB.jpg */,
				7C0444E022BD77C600D31A58 /* Assets.xcassets */,
			);
			path = Resources;
			sourceTree = "<group>";
		};
		7C0444ED22BE35C700D31A58 /* UserStory */ = {
			isa = PBXGroup;
			children = (
				7C0444F422BE380A00D31A58 /* VideoConverter */,
				7C0444F122BE37A800D31A58 /* Select Animation */,
				7C0444EE22BE372200D31A58 /* Select Images */,
				7C0444DD22BD77C500D31A58 /* Main.storyboard */,
				7C0444EF22BE375000D31A58 /* TabBarVC.swift */,
			);
			path = UserStory;
			sourceTree = "<group>";
		};
		7C0444EE22BE372200D31A58 /* Select Images */ = {
			isa = PBXGroup;
			children = (
				7C0444FC22BE495400D31A58 /* Cells */,
				7C0444DB22BD77C500D31A58 /* SelectImagesVC.swift */,
				7C0444F722BE3D9A00D31A58 /* SelectImagesVM.swift */,
			);
			path = "Select Images";
			sourceTree = "<group>";
		};
		7C0444F122BE37A800D31A58 /* Select Animation */ = {
			isa = PBXGroup;
			children = (
				7C0444F222BE37C200D31A58 /* SelectAnimationVC.swift */,
				7C04450A22BE5BD800D31A58 /* SelectAnimationVM.swift */,
			);
			path = "Select Animation";
			sourceTree = "<group>";
		};
		7C0444F422BE380A00D31A58 /* VideoConverter */ = {
			isa = PBXGroup;
			children = (
				7C0444F522BE383F00D31A58 /* VideoConverterVC.swift */,
				7C04450822BE5A8000D31A58 /* VideoConverterVM.swift */,
			);
			path = VideoConverter;
			sourceTree = "<group>";
		};
		7C0444F922BE44CC00D31A58 /* Services */ = {
			isa = PBXGroup;
			children = (
				7C0444FA22BE44E200D31A58 /* AlertPresenter.swift */,
				7C04450C22BE5CB600D31A58 /* UserDefaultsManager.swift */,
				7CCA44A522BF94AA00F9AAA5 /* LocalFileManager.swift */,
			);
			path = Services;
			sourceTree = "<group>";
		};
		7C0444FC22BE495400D31A58 /* Cells */ = {
			isa = PBXGroup;
			children = (
				7C0444FD22BE497200D31A58 /* SelectedImageCell.swift */,
			);
			path = Cells;
			sourceTree = "<group>";
		};
		7C0444FF22BE4C9E00D31A58 /* Extensions */ = {
			isa = PBXGroup;
			children = (
				7C04450022BE4CAE00D31A58 /* PHAsset+Ext.swift */,
				7C04450222BE54FA00D31A58 /* UIScreen+Ext.swift */,
				7CCA44A722C016C500F9AAA5 /* UIImage+Ext.swift */,
			);
			path = Extensions;
			sourceTree = "<group>";
		};
		DE6EA1632F2A7C73B2AC8B77 /* Frameworks */ = {
			isa = PBXGroup;
			children = (
				CB4FE5C0D964F2118F31DC66 /* Pods_photo_to_video_converter.framework */,
			);
			name = Frameworks;
			sourceTree = "<group>";
		};
		EB751FA55333EFB0B9C6DA0C /* Pods */ = {
			isa = PBXGroup;
			children = (
				01BB1C53AF16CD776E519B52 /* Pods-photo-to-video-converter.debug.xcconfig */,
				6309E77A7C7F4186E9B69746 /* Pods-photo-to-video-converter.release.xcconfig */,
			);
			path = Pods;
			sourceTree = "<group>";
		};
/* End PBXGroup section */

/* Begin PBXNativeTarget section */
		7C0444D522BD77C500D31A58 /* photo-to-video-converter */ = {
			isa = PBXNativeTarget;
			buildConfigurationList = 7C0444E822BD77C600D31A58 /* Build configuration list for PBXNativeTarget "photo-to-video-converter" */;
			buildPhases = (
				0C218A3ECD33A4D6BAA18763 /* [CP] Check Pods Manifest.lock */,
				7C0444D222BD77C500D31A58 /* Sources */,
				7C0444D322BD77C500D31A58 /* Frameworks */,
				7C0444D422BD77C500D31A58 /* Resources */,
				2C442B130C141AD9031F5EE4 /* [CP] Embed Pods Frameworks */,
			);
			buildRules = (
			);
			dependencies = (
			);
			name = "photo-to-video-converter";
			productName = "photo-to-video-converter";
			productReference = 7C0444D622BD77C500D31A58 /* photo-to-video-converter.app */;
			productType = "com.apple.product-type.application";
		};
/* End PBXNativeTarget section */

/* Begin PBXProject section */
		7C0444CE22BD77C500D31A58 /* Project object */ = {
			isa = PBXProject;
			attributes = {
				LastSwiftUpdateCheck = 1020;
				LastUpgradeCheck = 1020;
				ORGANIZATIONNAME = serglam;
				TargetAttributes = {
					7C0444D522BD77C500D31A58 = {
						CreatedOnToolsVersion = 10.2.1;
					};
				};
			};
			buildConfigurationList = 7C0444D122BD77C500D31A58 /* Build configuration list for PBXProject "photo-to-video-converter" */;
			compatibilityVersion = "Xcode 9.3";
			developmentRegion = en;
			hasScannedForEncodings = 0;
			knownRegions = (
				en,
				Base,
			);
			mainGroup = 7C0444CD22BD77C500D31A58;
			productRefGroup = 7C0444D722BD77C500D31A58 /* Products */;
			projectDirPath = "";
			projectRoot = "";
			targets = (
				7C0444D522BD77C500D31A58 /* photo-to-video-converter */,
			);
		};
/* End PBXProject section */

/* Begin PBXResourcesBuildPhase section */
		7C0444D422BD77C500D31A58 /* Resources */ = {
			isa = PBXResourcesBuildPhase;
			buildActionMask = 2147483647;
			files = (
				7C0444E422BD77C600D31A58 /* LaunchScreen.storyboard in Resources */,
				7C04450722BE567500D31A58 /* imageB.jpg in Resources */,
				7C04450622BE567500D31A58 /* imageA.jpg in Resources */,
				7C0444E122BD77C600D31A58 /* Assets.xcassets in Resources */,
				7C0444DF22BD77C500D31A58 /* Main.storyboard in Resources */,
			);
			runOnlyForDeploymentPostprocessing = 0;
		};
/* End PBXResourcesBuildPhase section */

/* Begin PBXShellScriptBuildPhase section */
		0C218A3ECD33A4D6BAA18763 /* [CP] Check Pods Manifest.lock */ = {
			isa = PBXShellScriptBuildPhase;
			buildActionMask = 2147483647;
			files = (
			);
			inputFileListPaths = (
			);
			inputPaths = (
				"${PODS_PODFILE_DIR_PATH}/Podfile.lock",
				"${PODS_ROOT}/Manifest.lock",
			);
			name = "[CP] Check Pods Manifest.lock";
			outputFileListPaths = (
			);
			outputPaths = (
				"$(DERIVED_FILE_DIR)/Pods-photo-to-video-converter-checkManifestLockResult.txt",
			);
			runOnlyForDeploymentPostprocessing = 0;
			shellPath = /bin/sh;
			shellScript = "diff \"${PODS_PODFILE_DIR_PATH}/Podfile.lock\" \"${PODS_ROOT}/Manifest.lock\" > /dev/null\nif [ $? != 0 ] ; then\n    # print error to STDERR\n    echo \"error: The sandbox is not in sync with the Podfile.lock. Run 'pod install' or update your CocoaPods installation.\" >&2\n    exit 1\nfi\n# This output is used by Xcode 'outputs' to avoid re-running this script phase.\necho \"SUCCESS\" > \"${SCRIPT_OUTPUT_FILE_0}\"\n";
			showEnvVarsInLog = 0;
		};
		2C442B130C141AD9031F5EE4 /* [CP] Embed Pods Frameworks */ = {
			isa = PBXShellScriptBuildPhase;
			buildActionMask = 2147483647;
			files = (
			);
			inputFileListPaths = (
				"${PODS_ROOT}/Target Support Files/Pods-photo-to-video-converter/Pods-photo-to-video-converter-frameworks-${CONFIGURATION}-input-files.xcfilelist",
			);
			name = "[CP] Embed Pods Frameworks";
			outputFileListPaths = (
				"${PODS_ROOT}/Target Support Files/Pods-photo-to-video-converter/Pods-photo-to-video-converter-frameworks-${CONFIGURATION}-output-files.xcfilelist",
			);
			runOnlyForDeploymentPostprocessing = 0;
			shellPath = /bin/sh;
			shellScript = "\"${PODS_ROOT}/Target Support Files/Pods-photo-to-video-converter/Pods-photo-to-video-converter-frameworks.sh\"\n";
			showEnvVarsInLog = 0;
		};
/* End PBXShellScriptBuildPhase section */

/* Begin PBXSourcesBuildPhase section */
		7C0444D222BD77C500D31A58 /* Sources */ = {
			isa = PBXSourcesBuildPhase;
			buildActionMask = 2147483647;
			files = (
				7CCA44A822C016C500F9AAA5 /* UIImage+Ext.swift in Sources */,
				7C04450122BE4CAE00D31A58 /* PHAsset+Ext.swift in Sources */,
				7C0444F822BE3D9A00D31A58 /* SelectImagesVM.swift in Sources */,
				7C0444FB22BE44E200D31A58 /* AlertPresenter.swift in Sources */,
				7C04450D22BE5CB600D31A58 /* UserDefaultsManager.swift in Sources */,
				7C0444DC22BD77C500D31A58 /* SelectImagesVC.swift in Sources */,
				7C0444F022BE375000D31A58 /* TabBarVC.swift in Sources */,
				7C04450B22BE5BD800D31A58 /* SelectAnimationVM.swift in Sources */,
				7C0444F622BE383F00D31A58 /* VideoConverterVC.swift in Sources */,
				7C0444DA22BD77C500D31A58 /* AppDelegate.swift in Sources */,
				7C04450322BE54FA00D31A58 /* UIScreen+Ext.swift in Sources */,
				7C04450922BE5A8000D31A58 /* VideoConverterVM.swift in Sources */,
				7C0444FE22BE497200D31A58 /* SelectedImageCell.swift in Sources */,
				7C0444F322BE37C200D31A58 /* SelectAnimationVC.swift in Sources */,
				7CCA44A622BF94AA00F9AAA5 /* LocalFileManager.swift in Sources */,
			);
			runOnlyForDeploymentPostprocessing = 0;
		};
/* End PBXSourcesBuildPhase section */

/* Begin PBXVariantGroup section */
		7C0444DD22BD77C500D31A58 /* Main.storyboard */ = {
			isa = PBXVariantGroup;
			children = (
				7C0444DE22BD77C500D31A58 /* Base */,
			);
			name = Main.storyboard;
			sourceTree = "<group>";
		};
		7C0444E222BD77C600D31A58 /* LaunchScreen.storyboard */ = {
			isa = PBXVariantGroup;
			children = (
				7C0444E322BD77C600D31A58 /* Base */,
			);
			name = LaunchScreen.storyboard;
			sourceTree = "<group>";
		};
/* End PBXVariantGroup section */

/* Begin XCBuildConfiguration section */
		7C0444E622BD77C600D31A58 /* Debug */ = {
			isa = XCBuildConfiguration;
			buildSettings = {
				ALWAYS_SEARCH_USER_PATHS = NO;
				CLANG_ANALYZER_NONNULL = YES;
				CLANG_ANALYZER_NUMBER_OBJECT_CONVERSION = YES_AGGRESSIVE;
				CLANG_CXX_LANGUAGE_STANDARD = "gnu++14";
				CLANG_CXX_LIBRARY = "libc++";
				CLANG_ENABLE_MODULES = YES;
				CLANG_ENABLE_OBJC_ARC = YES;
				CLANG_ENABLE_OBJC_WEAK = YES;
				CLANG_WARN_BLOCK_CAPTURE_AUTORELEASING = YES;
				CLANG_WARN_BOOL_CONVERSION = YES;
				CLANG_WARN_COMMA = YES;
				CLANG_WARN_CONSTANT_CONVERSION = YES;
				CLANG_WARN_DEPRECATED_OBJC_IMPLEMENTATIONS = YES;
				CLANG_WARN_DIRECT_OBJC_ISA_USAGE = YES_ERROR;
				CLANG_WARN_DOCUMENTATION_COMMENTS = YES;
				CLANG_WARN_EMPTY_BODY = YES;
				CLANG_WARN_ENUM_CONVERSION = YES;
				CLANG_WARN_INFINITE_RECURSION = YES;
				CLANG_WARN_INT_CONVERSION = YES;
				CLANG_WARN_NON_LITERAL_NULL_CONVERSION = YES;
				CLANG_WARN_OBJC_IMPLICIT_RETAIN_SELF = YES;
				CLANG_WARN_OBJC_LITERAL_CONVERSION = YES;
				CLANG_WARN_OBJC_ROOT_CLASS = YES_ERROR;
				CLANG_WARN_RANGE_LOOP_ANALYSIS = YES;
				CLANG_WARN_STRICT_PROTOTYPES = YES;
				CLANG_WARN_SUSPICIOUS_MOVE = YES;
				CLANG_WARN_UNGUARDED_AVAILABILITY = YES_AGGRESSIVE;
				CLANG_WARN_UNREACHABLE_CODE = YES;
				CLANG_WARN__DUPLICATE_METHOD_MATCH = YES;
				CODE_SIGN_IDENTITY = "iPhone Developer";
				COPY_PHASE_STRIP = NO;
				DEBUG_INFORMATION_FORMAT = dwarf;
				ENABLE_STRICT_OBJC_MSGSEND = YES;
				ENABLE_TESTABILITY = YES;
				GCC_C_LANGUAGE_STANDARD = gnu11;
				GCC_DYNAMIC_NO_PIC = NO;
				GCC_NO_COMMON_BLOCKS = YES;
				GCC_OPTIMIZATION_LEVEL = 0;
				GCC_PREPROCESSOR_DEFINITIONS = (
					"DEBUG=1",
					"$(inherited)",
				);
				GCC_WARN_64_TO_32_BIT_CONVERSION = YES;
				GCC_WARN_ABOUT_RETURN_TYPE = YES_ERROR;
				GCC_WARN_UNDECLARED_SELECTOR = YES;
				GCC_WARN_UNINITIALIZED_AUTOS = YES_AGGRESSIVE;
				GCC_WARN_UNUSED_FUNCTION = YES;
				GCC_WARN_UNUSED_VARIABLE = YES;
				IPHONEOS_DEPLOYMENT_TARGET = 12.2;
				MTL_ENABLE_DEBUG_INFO = INCLUDE_SOURCE;
				MTL_FAST_MATH = YES;
				ONLY_ACTIVE_ARCH = YES;
				SDKROOT = iphoneos;
				SWIFT_ACTIVE_COMPILATION_CONDITIONS = DEBUG;
				SWIFT_OPTIMIZATION_LEVEL = "-Onone";
			};
			name = Debug;
		};
		7C0444E722BD77C600D31A58 /* Release */ = {
			isa = XCBuildConfiguration;
			buildSettings = {
				ALWAYS_SEARCH_USER_PATHS = NO;
				CLANG_ANALYZER_NONNULL = YES;
				CLANG_ANALYZER_NUMBER_OBJECT_CONVERSION = YES_AGGRESSIVE;
				CLANG_CXX_LANGUAGE_STANDARD = "gnu++14";
				CLANG_CXX_LIBRARY = "libc++";
				CLANG_ENABLE_MODULES = YES;
				CLANG_ENABLE_OBJC_ARC = YES;
				CLANG_ENABLE_OBJC_WEAK = YES;
				CLANG_WARN_BLOCK_CAPTURE_AUTORELEASING = YES;
				CLANG_WARN_BOOL_CONVERSION = YES;
				CLANG_WARN_COMMA = YES;
				CLANG_WARN_CONSTANT_CONVERSION = YES;
				CLANG_WARN_DEPRECATED_OBJC_IMPLEMENTATIONS = YES;
				CLANG_WARN_DIRECT_OBJC_ISA_USAGE = YES_ERROR;
				CLANG_WARN_DOCUMENTATION_COMMENTS = YES;
				CLANG_WARN_EMPTY_BODY = YES;
				CLANG_WARN_ENUM_CONVERSION = YES;
				CLANG_WARN_INFINITE_RECURSION = YES;
				CLANG_WARN_INT_CONVERSION = YES;
				CLANG_WARN_NON_LITERAL_NULL_CONVERSION = YES;
				CLANG_WARN_OBJC_IMPLICIT_RETAIN_SELF = YES;
				CLANG_WARN_OBJC_LITERAL_CONVERSION = YES;
				CLANG_WARN_OBJC_ROOT_CLASS = YES_ERROR;
				CLANG_WARN_RANGE_LOOP_ANALYSIS = YES;
				CLANG_WARN_STRICT_PROTOTYPES = YES;
				CLANG_WARN_SUSPICIOUS_MOVE = YES;
				CLANG_WARN_UNGUARDED_AVAILABILITY = YES_AGGRESSIVE;
				CLANG_WARN_UNREACHABLE_CODE = YES;
				CLANG_WARN__DUPLICATE_METHOD_MATCH = YES;
				CODE_SIGN_IDENTITY = "iPhone Developer";
				COPY_PHASE_STRIP = NO;
				DEBUG_INFORMATION_FORMAT = "dwarf-with-dsym";
				ENABLE_NS_ASSERTIONS = NO;
				ENABLE_STRICT_OBJC_MSGSEND = YES;
				GCC_C_LANGUAGE_STANDARD = gnu11;
				GCC_NO_COMMON_BLOCKS = YES;
				GCC_WARN_64_TO_32_BIT_CONVERSION = YES;
				GCC_WARN_ABOUT_RETURN_TYPE = YES_ERROR;
				GCC_WARN_UNDECLARED_SELECTOR = YES;
				GCC_WARN_UNINITIALIZED_AUTOS = YES_AGGRESSIVE;
				GCC_WARN_UNUSED_FUNCTION = YES;
				GCC_WARN_UNUSED_VARIABLE = YES;
				IPHONEOS_DEPLOYMENT_TARGET = 12.2;
				MTL_ENABLE_DEBUG_INFO = NO;
				MTL_FAST_MATH = YES;
				SDKROOT = iphoneos;
				SWIFT_COMPILATION_MODE = wholemodule;
				SWIFT_OPTIMIZATION_LEVEL = "-O";
				VALIDATE_PRODUCT = YES;
			};
			name = Release;
		};
		7C0444E922BD77C600D31A58 /* Debug */ = {
			isa = XCBuildConfiguration;
			baseConfigurationReference = 01BB1C53AF16CD776E519B52 /* Pods-photo-to-video-converter.debug.xcconfig */;
			buildSettings = {
				ASSETCATALOG_COMPILER_APPICON_NAME = AppIcon;
				CODE_SIGN_STYLE = Automatic;
				DEVELOPMENT_TEAM = MDWBDEPC5G;
				INFOPLIST_FILE = "$(SRCROOT)/photo-to-video-converter/BundleFiles/Info.plist";
				IPHONEOS_DEPLOYMENT_TARGET = 11.0;
				LD_RUNPATH_SEARCH_PATHS = (
					"$(inherited)",
					"@executable_path/Frameworks",
				);
				PRODUCT_BUNDLE_IDENTIFIER = "serglam.photo-to-video-converter";
				PRODUCT_NAME = "$(TARGET_NAME)";
				SWIFT_VERSION = 5.0;
				TARGETED_DEVICE_FAMILY = "1,2";
			};
			name = Debug;
		};
		7C0444EA22BD77C600D31A58 /* Release */ = {
			isa = XCBuildConfiguration;
			baseConfigurationReference = 6309E77A7C7F4186E9B69746 /* Pods-photo-to-video-converter.release.xcconfig */;
			buildSettings = {
				ASSETCATALOG_COMPILER_APPICON_NAME = AppIcon;
				CODE_SIGN_STYLE = Automatic;
				DEVELOPMENT_TEAM = MDWBDEPC5G;
				INFOPLIST_FILE = "$(SRCROOT)/photo-to-video-converter/BundleFiles/Info.plist";
				IPHONEOS_DEPLOYMENT_TARGET = 11.0;
				LD_RUNPATH_SEARCH_PATHS = (
					"$(inherited)",
					"@executable_path/Frameworks",
				);
				PRODUCT_BUNDLE_IDENTIFIER = "serglam.photo-to-video-converter";
				PRODUCT_NAME = "$(TARGET_NAME)";
				SWIFT_VERSION = 5.0;
				TARGETED_DEVICE_FAMILY = "1,2";
			};
			name = Release;
		};
/* End XCBuildConfiguration section */

/* Begin XCConfigurationList section */
		7C0444D122BD77C500D31A58 /* Build configuration list for PBXProject "photo-to-video-converter" */ = {
			isa = XCConfigurationList;
			buildConfigurations = (
				7C0444E622BD77C600D31A58 /* Debug */,
				7C0444E722BD77C600D31A58 /* Release */,
			);
			defaultConfigurationIsVisible = 0;
			defaultConfigurationName = Release;
		};
		7C0444E822BD77C600D31A58 /* Build configuration list for PBXNativeTarget "photo-to-video-converter" */ = {
			isa = XCConfigurationList;
			buildConfigurations = (
				7C0444E922BD77C600D31A58 /* Debug */,
				7C0444EA22BD77C600D31A58 /* Release */,
			);
			defaultConfigurationIsVisible = 0;
			defaultConfigurationName = Release;
		};
/* End XCConfigurationList section */
	};
	rootObject = 7C0444CE22BD77C500D31A58 /* Project object */;
}
