PODS:
  - DZNEmptyDataSet (1.8.1)
  - TLPhotoPicker (2.1.4)

DEPENDENCIES:
  - DZNEmptyDataSet (~> 1.8.1)
  - TLPhotoPicker (~> 2.1.4)

SPEC REPOS:
  https://github.com/CocoaPods/Specs.git:
    - DZNEmptyDataSet
  trunk:
    - TLPhotoPicker

SPEC CHECKSUMS:
  DZNEmptyDataSet: 9525833b9e68ac21c30253e1d3d7076cc828eaa7
  TLPhotoPicker: f486e8499e1c3f464d0e886697635e25a72a52b8

PODFILE CHECKSUM: 1b68aa6923a9cce19d496693202bd3ad57148c0e

COCOAPODS: 1.10.2
