PODS:
  - DZNEmptyDataSet (1.8.1)
  - TLPhotoPicker (1.8.9)

DEPENDENCIES:
  - DZNEmptyDataSet
  - TLPhotoPicker

SPEC REPOS:
  https://github.com/cocoapods/specs.git:
    - DZNEmptyDataSet
    - TLPhotoPicker

SPEC CHECKSUMS:
  DZNEmptyDataSet: 9525833b9e68ac21c30253e1d3d7076cc828eaa7
  TLPhotoPicker: 9bf255c116129bc5d709b4cc8b42b3542e89e841

PODFILE CHECKSUM: a19f0b927a79817a2ff4a31c1c162f4b09551ef6

COCOAPODS: 1.7.2
